// !$*UTF8*$!
{
	archiveVersion = 1;
	classes = {
	};
	objectVersion = 50;
	objects = {

/* Begin PBXBuildFile section */
		7701B9E52689C747001C5328 /* AppDelegate.swift in Sources */ = {isa = PBXBuildFile; fileRef = 7701B9E42689C747001C5328 /* AppDelegate.swift */; };
		7701B9E72689C747001C5328 /* SceneDelegate.swift in Sources */ = {isa = PBXBuildFile; fileRef = 7701B9E62689C747001C5328 /* SceneDelegate.swift */; };
		7701B9E92689C747001C5328 /* ViewController.swift in Sources */ = {isa = PBXBuildFile; fileRef = 7701B9E82689C747001C5328 /* ViewController.swift */; };
		7701B9EC2689C747001C5328 /* Main.storyboard in Resources */ = {isa = PBXBuildFile; fileRef = 7701B9EA2689C747001C5328 /* Main.storyboard */; };
		7701B9EE2689C74A001C5328 /* Assets.xcassets in Resources */ = {isa = PBXBuildFile; fileRef = 7701B9ED2689C74A001C5328 /* Assets.xcassets */; };
		7701B9F12689C74A001C5328 /* LaunchScreen.storyboard in Resources */ = {isa = PBXBuildFile; fileRef = 7701B9EF2689C74A001C5328 /* LaunchScreen.storyboard */; };
		7701B9F92689C7EF001C5328 /* input_ios.json in Resources */ = {isa = PBXBuildFile; fileRef = 7701B9F82689C7EF001C5328 /* input_ios.json */; };
		7701B9FC2689CA47001C5328 /* ProductModel.swift in Sources */ = {isa = PBXBuildFile; fileRef = 7701B9FB2689CA47001C5328 /* ProductModel.swift */; };
		7701B9FF2689F0C9001C5328 /* ProductCell.swift in Sources */ = {isa = PBXBuildFile; fileRef = 7701B9FE2689F0C9001C5328 /* ProductCell.swift */; };
		7701BA022689F21A001C5328 /* TopCountriesViewControllers.swift in Sources */ = {isa = PBXBuildFile; fileRef = 7701BA012689F21A001C5328 /* TopCountriesViewControllers.swift */; };
/* End PBXBuildFile section */

/* Begin PBXFileReference section */
		7701B9E12689C747001C5328 /* ProductSalesApp.app */ = {isa = PBXFileReference; explicitFileType = wrapper.application; includeInIndex = 0; path = ProductSalesApp.app; sourceTree = BUILT_PRODUCTS_DIR; };
		7701B9E42689C747001C5328 /* AppDelegate.swift */ = {isa = PBXFileReference; lastKnownFileType = sourcecode.swift; path = AppDelegate.swift; sourceTree = "<group>"; };
		7701B9E62689C747001C5328 /* SceneDelegate.swift */ = {isa = PBXFileReference; lastKnownFileType = sourcecode.swift; path = SceneDelegate.swift; sourceTree = "<group>"; };
		7701B9E82689C747001C5328 /* ViewController.swift */ = {isa = PBXFileReference; lastKnownFileType = sourcecode.swift; path = ViewController.swift; sourceTree = "<group>"; };
		7701B9EB2689C747001C5328 /* Base */ = {isa = PBXFileReference; lastKnownFileType = file.storyboard; name = Base; path = Base.lproj/Main.storyboard; sourceTree = "<group>"; };
		7701B9ED2689C74A001C5328 /* Assets.xcassets */ = {isa = PBXFileReference; lastKnownFileType = folder.assetcatalog; path = Assets.xcassets; sourceTree = "<group>"; };
		7701B9F02689C74A001C5328 /* Base */ = {isa = PBXFileReference; lastKnownFileType = file.storyboard; name = Base; path = Base.lproj/LaunchScreen.storyboard; sourceTree = "<group>"; };
		7701B9F22689C74A001C5328 /* Info.plist */ = {isa = PBXFileReference; lastKnownFileType = text.plist.xml; path = Info.plist; sourceTree = "<group>"; };
		7701B9F82689C7EF001C5328 /* input_ios.json */ = {isa = PBXFileReference; fileEncoding = 4; lastKnownFileType = text.json; path = input_ios.json; sourceTree = "<group>"; };
		7701B9FB2689CA47001C5328 /* ProductModel.swift */ = {isa = PBXFileReference; lastKnownFileType = sourcecode.swift; path = ProductModel.swift; sourceTree = "<group>"; };
		7701B9FE2689F0C9001C5328 /* ProductCell.swift */ = {isa = PBXFileReference; lastKnownFileType = sourcecode.swift; path = ProductCell.swift; sourceTree = "<group>"; };
		7701BA012689F21A001C5328 /* TopCountriesViewControllers.swift */ = {isa = PBXFileReference; lastKnownFileType = sourcecode.swift; path = TopCountriesViewControllers.swift; sourceTree = "<group>"; };
/* End PBXFileReference section */

/* Begin PBXFrameworksBuildPhase section */
		7701B9DE2689C747001C5328 /* Frameworks */ = {
			isa = PBXFrameworksBuildPhase;
			buildActionMask = 2147483647;
			files = (
			);
			runOnlyForDeploymentPostprocessing = 0;
		};
/* End PBXFrameworksBuildPhase section */

/* Begin PBXGroup section */
		7701B9D82689C747001C5328 = {
			isa = PBXGroup;
			children = (
				7701B9E32689C747001C5328 /* ProductSalesApp */,
				7701B9E22689C747001C5328 /* Products */,
			);
			sourceTree = "<group>";
		};
		7701B9E22689C747001C5328 /* Products */ = {
			isa = PBXGroup;
			children = (
				7701B9E12689C747001C5328 /* ProductSalesApp.app */,
			);
			name = Products;
			sourceTree = "<group>";
		};
		7701B9E32689C747001C5328 /* ProductSalesApp */ = {
			isa = PBXGroup;
			children = (
				7701BA002689F1F5001C5328 /* controllers */,
				7701B9FD2689F064001C5328 /* Cells */,
				7701B9FA2689CA33001C5328 /* Model */,
				7701B9E42689C747001C5328 /* AppDelegate.swift */,
				7701B9E62689C747001C5328 /* SceneDelegate.swift */,
				7701B9EA2689C747001C5328 /* Main.storyboard */,
				7701B9ED2689C74A001C5328 /* Assets.xcassets */,
				7701B9EF2689C74A001C5328 /* LaunchScreen.storyboard */,
				7701B9F82689C7EF001C5328 /* input_ios.json */,
				7701B9F22689C74A001C5328 /* Info.plist */,
			);
			path = ProductSalesApp;
			sourceTree = "<group>";
		};
		7701B9FA2689CA33001C5328 /* Model */ = {
			isa = PBXGroup;
			children = (
				7701B9FB2689CA47001C5328 /* ProductModel.swift */,
			);
			path = Model;
			sourceTree = "<group>";
		};
		7701B9FD2689F064001C5328 /* Cells */ = {
			isa = PBXGroup;
			children = (
				7701B9FE2689F0C9001C5328 /* ProductCell.swift */,
			);
			path = Cells;
			sourceTree = "<group>";
		};
		7701BA002689F1F5001C5328 /* controllers */ = {
			isa = PBXGroup;
			children = (
				7701BA012689F21A001C5328 /* TopCountriesViewControllers.swift */,
				7701B9E82689C747001C5328 /* ViewController.swift */,
			);
			path = controllers;
			sourceTree = "<group>";
		};
/* End PBXGroup section */

/* Begin PBXNativeTarget section */
		7701B9E02689C747001C5328 /* ProductSalesApp */ = {
			isa = PBXNativeTarget;
			buildConfigurationList = 7701B9F52689C74A001C5328 /* Build configuration list for PBXNativeTarget "ProductSalesApp" */;
			buildPhases = (
				7701B9DD2689C747001C5328 /* Sources */,
				7701B9DE2689C747001C5328 /* Frameworks */,
				7701B9DF2689C747001C5328 /* Resources */,
			);
			buildRules = (
			);
			dependencies = (
			);
			name = ProductSalesApp;
			productName = ProductSalesApp;
			productReference = 7701B9E12689C747001C5328 /* ProductSalesApp.app */;
			productType = "com.apple.product-type.application";
		};
/* End PBXNativeTarget section */

/* Begin PBXProject section */
		7701B9D92689C747001C5328 /* Project object */ = {
			isa = PBXProject;
			attributes = {
				LastSwiftUpdateCheck = 1250;
				LastUpgradeCheck = 1250;
				TargetAttributes = {
					7701B9E02689C747001C5328 = {
						CreatedOnToolsVersion = 12.5;
					};
				};
			};
			buildConfigurationList = 7701B9DC2689C747001C5328 /* Build configuration list for PBXProject "ProductSalesApp" */;
			compatibilityVersion = "Xcode 9.3";
			developmentRegion = en;
			hasScannedForEncodings = 0;
			knownRegions = (
				en,
				Base,
			);
			mainGroup = 7701B9D82689C747001C5328;
			productRefGroup = 7701B9E22689C747001C5328 /* Products */;
			projectDirPath = "";
			projectRoot = "";
			targets = (
				7701B9E02689C747001C5328 /* ProductSalesApp */,
			);
		};
/* End PBXProject section */

/* Begin PBXResourcesBuildPhase section */
		7701B9DF2689C747001C5328 /* Resources */ = {
			isa = PBXResourcesBuildPhase;
			buildActionMask = 2147483647;
			files = (
				7701B9F92689C7EF001C5328 /* input_ios.json in Resources */,
				7701B9F12689C74A001C5328 /* LaunchScreen.storyboard in Resources */,
				7701B9EE2689C74A001C5328 /* Assets.xcassets in Resources */,
				7701B9EC2689C747001C5328 /* Main.storyboard in Resources */,
			);
			runOnlyForDeploymentPostprocessing = 0;
		};
/* End PBXResourcesBuildPhase section */

/* Begin PBXSourcesBuildPhase section */
		7701B9DD2689C747001C5328 /* Sources */ = {
			isa = PBXSourcesBuildPhase;
			buildActionMask = 2147483647;
			files = (
				7701B9E92689C747001C5328 /* ViewController.swift in Sources */,
				7701BA022689F21A001C5328 /* TopCountriesViewControllers.swift in Sources */,
				7701B9E52689C747001C5328 /* AppDelegate.swift in Sources */,
				7701B9FF2689F0C9001C5328 /* ProductCell.swift in Sources */,
				7701B9E72689C747001C5328 /* SceneDelegate.swift in Sources */,
				7701B9FC2689CA47001C5328 /* ProductModel.swift in Sources */,
			);
			runOnlyForDeploymentPostprocessing = 0;
		};
/* End PBXSourcesBuildPhase section */

/* Begin PBXVariantGroup section */
		7701B9EA2689C747001C5328 /* Main.storyboard */ = {
			isa = PBXVariantGroup;
			children = (
				7701B9EB2689C747001C5328 /* Base */,
			);
			name = Main.storyboard;
			sourceTree = "<group>";
		};
		7701B9EF2689C74A001C5328 /* LaunchScreen.storyboard */ = {
			isa = PBXVariantGroup;
			children = (
				7701B9F02689C74A001C5328 /* Base */,
			);
			name = LaunchScreen.storyboard;
			sourceTree = "<group>";
		};
/* End PBXVariantGroup section */

/* Begin XCBuildConfiguration section */
		7701B9F32689C74A001C5328 /* Debug */ = {
			isa = XCBuildConfiguration;
			buildSettings = {
				ALWAYS_SEARCH_USER_PATHS = NO;
				CLANG_ANALYZER_NONNULL = YES;
				CLANG_ANALYZER_NUMBER_OBJECT_CONVERSION = YES_AGGRESSIVE;
				CLANG_CXX_LANGUAGE_STANDARD = "gnu++14";
				CLANG_CXX_LIBRARY = "libc++";
				CLANG_ENABLE_MODULES = YES;
				CLANG_ENABLE_OBJC_ARC = YES;
				CLANG_ENABLE_OBJC_WEAK = YES;
				CLANG_WARN_BLOCK_CAPTURE_AUTORELEASING = YES;
				CLANG_WARN_BOOL_CONVERSION = YES;
				CLANG_WARN_COMMA = YES;
				CLANG_WARN_CONSTANT_CONVERSION = YES;
				CLANG_WARN_DEPRECATED_OBJC_IMPLEMENTATIONS = YES;
				CLANG_WARN_DIRECT_OBJC_ISA_USAGE = YES_ERROR;
				CLANG_WARN_DOCUMENTATION_COMMENTS = YES;
				CLANG_WARN_EMPTY_BODY = YES;
				CLANG_WARN_ENUM_CONVERSION = YES;
				CLANG_WARN_INFINITE_RECURSION = YES;
				CLANG_WARN_INT_CONVERSION = YES;
				CLANG_WARN_NON_LITERAL_NULL_CONVERSION = YES;
				CLANG_WARN_OBJC_IMPLICIT_RETAIN_SELF = YES;
				CLANG_WARN_OBJC_LITERAL_CONVERSION = YES;
				CLANG_WARN_OBJC_ROOT_CLASS = YES_ERROR;
				CLANG_WARN_QUOTED_INCLUDE_IN_FRAMEWORK_HEADER = YES;
				CLANG_WARN_RANGE_LOOP_ANALYSIS = YES;
				CLANG_WARN_STRICT_PROTOTYPES = YES;
				CLANG_WARN_SUSPICIOUS_MOVE = YES;
				CLANG_WARN_UNGUARDED_AVAILABILITY = YES_AGGRESSIVE;
				CLANG_WARN_UNREACHABLE_CODE = YES;
				CLANG_WARN__DUPLICATE_METHOD_MATCH = YES;
				COPY_PHASE_STRIP = NO;
				DEBUG_INFORMATION_FORMAT = dwarf;
				ENABLE_STRICT_OBJC_MSGSEND = YES;
				ENABLE_TESTABILITY = YES;
				GCC_C_LANGUAGE_STANDARD = gnu11;
				GCC_DYNAMIC_NO_PIC = NO;
				GCC_NO_COMMON_BLOCKS = YES;
				GCC_OPTIMIZATION_LEVEL = 0;
				GCC_PREPROCESSOR_DEFINITIONS = (
					"DEBUG=1",
					"$(inherited)",
				);
				GCC_WARN_64_TO_32_BIT_CONVERSION = YES;
				GCC_WARN_ABOUT_RETURN_TYPE = YES_ERROR;
				GCC_WARN_UNDECLARED_SELECTOR = YES;
				GCC_WARN_UNINITIALIZED_AUTOS = YES_AGGRESSIVE;
				GCC_WARN_UNUSED_FUNCTION = YES;
				GCC_WARN_UNUSED_VARIABLE = YES;
				IPHONEOS_DEPLOYMENT_TARGET = 14.5;
				MTL_ENABLE_DEBUG_INFO = INCLUDE_SOURCE;
				MTL_FAST_MATH = YES;
				ONLY_ACTIVE_ARCH = YES;
				SDKROOT = iphoneos;
				SWIFT_ACTIVE_COMPILATION_CONDITIONS = DEBUG;
				SWIFT_OPTIMIZATION_LEVEL = "-Onone";
			};
			name = Debug;
		};
		7701B9F42689C74A001C5328 /* Release */ = {
			isa = XCBuildConfiguration;
			buildSettings = {
				ALWAYS_SEARCH_USER_PATHS = NO;
				CLANG_ANALYZER_NONNULL = YES;
				CLANG_ANALYZER_NUMBER_OBJECT_CONVERSION = YES_AGGRESSIVE;
				CLANG_CXX_LANGUAGE_STANDARD = "gnu++14";
				CLANG_CXX_LIBRARY = "libc++";
				CLANG_ENABLE_MODULES = YES;
				CLANG_ENABLE_OBJC_ARC = YES;
				CLANG_ENABLE_OBJC_WEAK = YES;
				CLANG_WARN_BLOCK_CAPTURE_AUTORELEASING = YES;
				CLANG_WARN_BOOL_CONVERSION = YES;
				CLANG_WARN_COMMA = YES;
				CLANG_WARN_CONSTANT_CONVERSION = YES;
				CLANG_WARN_DEPRECATED_OBJC_IMPLEMENTATIONS = YES;
				CLANG_WARN_DIRECT_OBJC_ISA_USAGE = YES_ERROR;
				CLANG_WARN_DOCUMENTATION_COMMENTS = YES;
				CLANG_WARN_EMPTY_BODY = YES;
				CLANG_WARN_ENUM_CONVERSION = YES;
				CLANG_WARN_INFINITE_RECURSION = YES;
				CLANG_WARN_INT_CONVERSION = YES;
				CLANG_WARN_NON_LITERAL_NULL_CONVERSION = YES;
				CLANG_WARN_OBJC_IMPLICIT_RETAIN_SELF = YES;
				CLANG_WARN_OBJC_LITERAL_CONVERSION = YES;
				CLANG_WARN_OBJC_ROOT_CLASS = YES_ERROR;
				CLANG_WARN_QUOTED_INCLUDE_IN_FRAMEWORK_HEADER = YES;
				CLANG_WARN_RANGE_LOOP_ANALYSIS = YES;
				CLANG_WARN_STRICT_PROTOTYPES = YES;
				CLANG_WARN_SUSPICIOUS_MOVE = YES;
				CLANG_WARN_UNGUARDED_AVAILABILITY = YES_AGGRESSIVE;
				CLANG_WARN_UNREACHABLE_CODE = YES;
				CLANG_WARN__DUPLICATE_METHOD_MATCH = YES;
				COPY_PHASE_STRIP = NO;
				DEBUG_INFORMATION_FORMAT = "dwarf-with-dsym";
				ENABLE_NS_ASSERTIONS = NO;
				ENABLE_STRICT_OBJC_MSGSEND = YES;
				GCC_C_LANGUAGE_STANDARD = gnu11;
				GCC_NO_COMMON_BLOCKS = YES;
				GCC_WARN_64_TO_32_BIT_CONVERSION = YES;
				GCC_WARN_ABOUT_RETURN_TYPE = YES_ERROR;
				GCC_WARN_UNDECLARED_SELECTOR = YES;
				GCC_WARN_UNINITIALIZED_AUTOS = YES_AGGRESSIVE;
				GCC_WARN_UNUSED_FUNCTION = YES;
				GCC_WARN_UNUSED_VARIABLE = YES;
				IPHONEOS_DEPLOYMENT_TARGET = 14.5;
				MTL_ENABLE_DEBUG_INFO = NO;
				MTL_FAST_MATH = YES;
				SDKROOT = iphoneos;
				SWIFT_COMPILATION_MODE = wholemodule;
				SWIFT_OPTIMIZATION_LEVEL = "-O";
				VALIDATE_PRODUCT = YES;
			};
			name = Release;
		};
		7701B9F62689C74A001C5328 /* Debug */ = {
			isa = XCBuildConfiguration;
			buildSettings = {
				ASSETCATALOG_COMPILER_APPICON_NAME = AppIcon;
				ASSETCATALOG_COMPILER_GLOBAL_ACCENT_COLOR_NAME = AccentColor;
				CODE_SIGN_STYLE = Automatic;
				INFOPLIST_FILE = ProductSalesApp/Info.plist;
				LD_RUNPATH_SEARCH_PATHS = (
					"$(inherited)",
					"@executable_path/Frameworks",
				);
				PRODUCT_BUNDLE_IDENTIFIER = shubham.ProductSalesApp;
				PRODUCT_NAME = "$(TARGET_NAME)";
				SWIFT_VERSION = 5.0;
				TARGETED_DEVICE_FAMILY = "1,2";
			};
			name = Debug;
		};
		7701B9F72689C74A001C5328 /* Release */ = {
			isa = XCBuildConfiguration;
			buildSettings = {
				ASSETCATALOG_COMPILER_APPICON_NAME = AppIcon;
				ASSETCATALOG_COMPILER_GLOBAL_ACCENT_COLOR_NAME = AccentColor;
				CODE_SIGN_STYLE = Automatic;
				INFOPLIST_FILE = ProductSalesApp/Info.plist;
				LD_RUNPATH_SEARCH_PATHS = (
					"$(inherited)",
					"@executable_path/Frameworks",
				);
				PRODUCT_BUNDLE_IDENTIFIER = shubham.ProductSalesApp;
				PRODUCT_NAME = "$(TARGET_NAME)";
				SWIFT_VERSION = 5.0;
				TARGETED_DEVICE_FAMILY = "1,2";
			};
			name = Release;
		};
/* End XCBuildConfiguration section */

/* Begin XCConfigurationList section */
		7701B9DC2689C747001C5328 /* Build configuration list for PBXProject "ProductSalesApp" */ = {
			isa = XCConfigurationList;
			buildConfigurations = (
				7701B9F32689C74A001C5328 /* Debug */,
				7701B9F42689C74A001C5328 /* Release */,
			);
			defaultConfigurationIsVisible = 0;
			defaultConfigurationName = Release;
		};
		7701B9F52689C74A001C5328 /* Build configuration list for PBXNativeTarget "ProductSalesApp" */ = {
			isa = XCConfigurationList;
			buildConfigurations = (
				7701B9F62689C74A001C5328 /* Debug */,
				7701B9F72689C74A001C5328 /* Release */,
			);
			defaultConfigurationIsVisible = 0;
			defaultConfigurationName = Release;
		};
/* End XCConfigurationList section */
	};
	rootObject = 7701B9D92689C747001C5328 /* Project object */;
}
